
Microsoft Visual Studio Solution File, Format Version 12.00
Project("{2150E333-8FDC-42A3-9474-1A3956D46DE8}") = "src", "src", "{40542C5B-A222-44DD-A15A-3C72B5015894}"
EndProject
Project("{FAE04EC0-301F-11D3-BF4B-00C04F79EFBC}") = "UniMDB.API", "UniMDB.API\UniMDB.API.csproj", "{E45DD156-94D5-438C-B6B4-D543F9774AD6}"
EndProject
Project("{FAE04EC0-301F-11D3-BF4B-00C04F79EFBC}") = "UniMDB.Application", "UniMDB.Application\UniMDB.Application.csproj", "{5E138555-A524-49DE-BF24-34F45AF517B9}"
EndProject
Project("{FAE04EC0-301F-11D3-BF4B-00C04F79EFBC}") = "UniMDB.Infrastructure", "UniMDB.Infrastructure\UniMDB.Infrastructure.csproj", "{EC6E3E9C-7D77-4A1D-894F-950A3AC92B92}"
EndProject
Project("{FAE04EC0-301F-11D3-BF4B-00C04F79EFBC}") = "UniMDB.Domain", "UniMDB.Domain\UniMDB.Domain.csproj", "{3310930F-883A-4224-85B1-CA2029708022}"
EndProject
Global
	GlobalSection(SolutionConfigurationPlatforms) = preSolution
		Debug|Any CPU = Debug|Any CPU
		Release|Any CPU = Release|Any CPU
	EndGlobalSection
	GlobalSection(NestedProjects) = preSolution
		{E45DD156-94D5-438C-B6B4-D543F9774AD6} = {40542C5B-A222-44DD-A15A-3C72B5015894}
		{5E138555-A524-49DE-BF24-34F45AF517B9} = {40542C5B-A222-44DD-A15A-3C72B5015894}
		{EC6E3E9C-7D77-4A1D-894F-950A3AC92B92} = {40542C5B-A222-44DD-A15A-3C72B5015894}
		{3310930F-883A-4224-85B1-CA2029708022} = {40542C5B-A222-44DD-A15A-3C72B5015894}
	EndGlobalSection
	GlobalSection(ProjectConfigurationPlatforms) = postSolution
		{E45DD156-94D5-438C-B6B4-D543F9774AD6}.Debug|Any CPU.ActiveCfg = Debug|Any CPU
		{E45DD156-94D5-438C-B6B4-D543F9774AD6}.Debug|Any CPU.Build.0 = Debug|Any CPU
		{E45DD156-94D5-438C-B6B4-D543F9774AD6}.Release|Any CPU.ActiveCfg = Release|Any CPU
		{E45DD156-94D5-438C-B6B4-D543F9774AD6}.Release|Any CPU.Build.0 = Release|Any CPU
		{5E138555-A524-49DE-BF24-34F45AF517B9}.Debug|Any CPU.ActiveCfg = Debug|Any CPU
		{5E138555-A524-49DE-BF24-34F45AF517B9}.Debug|Any CPU.Build.0 = Debug|Any CPU
		{5E138555-A524-49DE-BF24-34F45AF517B9}.Release|Any CPU.ActiveCfg = Release|Any CPU
		{5E138555-A524-49DE-BF24-34F45AF517B9}.Release|Any CPU.Build.0 = Release|Any CPU
		{EC6E3E9C-7D77-4A1D-894F-950A3AC92B92}.Debug|Any CPU.ActiveCfg = Debug|Any CPU
		{EC6E3E9C-7D77-4A1D-894F-950A3AC92B92}.Debug|Any CPU.Build.0 = Debug|Any CPU
		{EC6E3E9C-7D77-4A1D-894F-950A3AC92B92}.Release|Any CPU.ActiveCfg = Release|Any CPU
		{EC6E3E9C-7D77-4A1D-894F-950A3AC92B92}.Release|Any CPU.Build.0 = Release|Any CPU
		{3310930F-883A-4224-85B1-CA2029708022}.Debug|Any CPU.ActiveCfg = Debug|Any CPU
		{3310930F-883A-4224-85B1-CA2029708022}.Debug|Any CPU.Build.0 = Debug|Any CPU
		{3310930F-883A-4224-85B1-CA2029708022}.Release|Any CPU.ActiveCfg = Release|Any CPU
		{3310930F-883A-4224-85B1-CA2029708022}.Release|Any CPU.Build.0 = Release|Any CPU
	EndGlobalSection
EndGlobal
